{
  "name": "Topology",
  "version": "1.0.0",
  "lockfileVersion": 1,
  "requires": true,
  "dependencies": {
    "@types/handlebars": {
      "version": "4.0.35",
      "resolved": "https://registry.npmjs.org/@types/handlebars/-/handlebars-4.0.35.tgz",
      "integrity": "sha512-5Z+wbzPcyzLcnzqx9ADjVXEqQ/JBzA15rWNUgu2UWTqBbIf/uKN7/unVZhgfCg/fii8sjTo3FkHwMTywXIMNQQ==",
      "dev": true
    },
    "@types/jquery": {
      "version": "3.2.11",
      "resolved": "https://registry.npmjs.org/@types/jquery/-/jquery-3.2.11.tgz",
      "integrity": "sha512-Hu1JquYz58pcLLJU4AWvtvo0Yq5HbEHGGJV/XlTfJtePxbpT1mzfGr6FlH08wTi/ClR2yUb21/P/lgoH+LrRow==",
      "dev": true
    },
    "@types/jquery-mousewheel": {
      "version": "3.1.7",
      "resolved": "https://registry.npmjs.org/@types/jquery-mousewheel/-/jquery-mousewheel-3.1.7.tgz",
      "integrity": "sha512-NaqFXl441RT8bSFM9lAx3mpNzppErFiwUBItlzUT0Ti7mxjf0TruQaGxabKAkax/S4wlKy5lVwNgZxvEQ1uH4A==",
      "dev": true
    },
    "@types/pixi.js": {
      "version": "4.5.2",
      "resolved": "https://registry.npmjs.org/@types/pixi.js/-/pixi.js-4.5.2.tgz",
      "integrity": "sha512-pqqtKJqN0K9nLNay5cb8kAgLtRlBu/gY4uyhc2CEezWVX68S6ZlTQCuggskHsPhbrbKmX3cflBit6MVgAyIoWw==",
      "dev": true
    },
    "@types/requirejs": {
      "version": "2.1.30",
      "resolved": "https://registry.npmjs.org/@types/requirejs/-/requirejs-2.1.30.tgz",
      "integrity": "sha512-qsxhA0AkYkC9AU+dQepOXzBJycmbY+XRM1DIEC3cZS/eYDz03cLHq0UAb1rkCa+s6KOSA7WxRqOuD5d4c7n+AQ==",
      "dev": true
    },
    "async-limiter": {
      "version": "1.0.1",
      "resolved": "https://registry.npmjs.org/async-limiter/-/async-limiter-1.0.1.tgz",
      "integrity": "sha512-csOlWGAcRFJaI6m+F2WKdnMKr4HhdhFVBk0H/QbJFMCr+uO2kwohwXQPxw/9OCxp05r5ghVBFSyioixx3gfkNQ==",
      "dev": true
    },
    "babel-cli": {
      "version": "6.24.1",
      "resolved": "https://registry.npmjs.org/babel-cli/-/babel-cli-6.24.1.tgz",
      "integrity": "sha1-IHzXBbumFImy6kG1MSNBz2rKIoM=",
      "dev": true
    },
    "babel-preset-env": {
      "version": "1.6.0",
      "resolved": "https://registry.npmjs.org/babel-preset-env/-/babel-preset-env-1.6.0.tgz",
      "integrity": "sha512-OVgtQRuOZKckrILgMA5rvctvFZPv72Gua9Rt006AiPoB0DJKGN07UmaQA+qRrYgK71MVct8fFhT0EyNWYorVew==",
      "dev": true
    },
    "body-parser": {
      "version": "1.17.2",
      "resolved": "https://registry.npmjs.org/body-parser/-/body-parser-1.17.2.tgz",
      "integrity": "sha1-+IkqvI+eYn1Crtr7yma/WrmRBO4=",
      "dev": true,
      "dependencies": {
        "debug": {
          "version": "2.6.7",
          "resolved": "https://registry.npmjs.org/debug/-/debug-2.6.7.tgz",
          "integrity": "sha1-krrR9tBbu2u6Isyoi80OyJTChh4="
        }
      }
    },
    "cors": {
      "version": "2.8.4",
      "resolved": "https://registry.npmjs.org/cors/-/cors-2.8.4.tgz",
      "integrity": "sha1-K9OB8usgECAQXNUOpZ2mMJBpRoY=",
      "dev": true
    },
    "express": {
      "version": "4.15.4",
      "resolved": "https://registry.npmjs.org/express/-/express-4.15.4.tgz",
      "integrity": "sha1-Ay4iU0ic+PzgJma+yj0R7XotrtE=",
      "dev": true,
      "dependencies": {
        "qs": {
          "version": "6.5.0",
          "resolved": "https://registry.npmjs.org/qs/-/qs-6.5.0.tgz",
          "integrity": "sha512-fjVFjW9yhqMhVGwRExCXLhJKrLlkYSaxNWdyc9rmHlrVZbk35YHH312dFd7191uQeXkI3mKLZTIbSvIeFwFemg=="
        }
      }
    },
    "gulp": {
      "version": "3.9.1",
      "resolved": "https://registry.npmjs.org/gulp/-/gulp-3.9.1.tgz",
      "integrity": "sha1-VxzkWSjdQK9lFPxAEYZgFsE4RbQ=",
      "dev": true,
      "dependencies": {
        "minimist": {
          "version": "1.2.0",
          "resolved": "https://registry.npmjs.org/minimist/-/minimist-1.2.0.tgz",
          "integrity": "sha1-o1AIsg9BOD7sH7kU9M1d95omQoQ="
        },
        "semver": {
          "version": "4.3.6",
          "resolved": "https://registry.npmjs.org/semver/-/semver-4.3.6.tgz",
          "integrity": "sha1-MAvG4OhjdPe6YQaLWx7NV/xlMto="
        }
      }
    },
    "gulp-cli": {
      "version": "1.4.0",
      "resolved": "https://registry.npmjs.org/gulp-cli/-/gulp-cli-1.4.0.tgz",
      "integrity": "sha1-b1u+LNC9tISdEs+eEkalhh+LT4g=",
      "dev": true
    },
    "gulp-livereload": {
      "version": "3.8.1",
      "resolved": "https://registry.npmjs.org/gulp-livereload/-/gulp-livereload-3.8.1.tgz",
      "integrity": "sha1-APdEstdJ0+njdGWJyKRKysd5tQ8=",
      "dev": true,
      "dependencies": {
        "ansi-regex": {
          "version": "0.2.1",
          "resolved": "https://registry.npmjs.org/ansi-regex/-/ansi-regex-0.2.1.tgz",
          "integrity": "sha1-DY6UaWej2BQ/k+JOKYUl/BsiNfk="
        },
        "ansi-styles": {
          "version": "1.1.0",
          "resolved": "https://registry.npmjs.org/ansi-styles/-/ansi-styles-1.1.0.tgz",
          "integrity": "sha1-6uy/Zs1waIJ2Cy9GkVgrj1XXp94="
        },
        "chalk": {
          "version": "0.5.1",
          "resolved": "https://registry.npmjs.org/chalk/-/chalk-0.5.1.tgz",
          "integrity": "sha1-Zjs6ZItotV0EaQ1JFnqoN4WPIXQ="
        },
        "has-ansi": {
          "version": "0.1.0",
          "resolved": "https://registry.npmjs.org/has-ansi/-/has-ansi-0.1.0.tgz",
          "integrity": "sha1-hPJlqujA5qiKEtcCKJS3VoiUxi4="
        },
        "strip-ansi": {
          "version": "0.3.0",
          "resolved": "https://registry.npmjs.org/strip-ansi/-/strip-ansi-0.3.0.tgz",
          "integrity": "sha1-JfSOoiynkYfzF0pNuHWTR7sSYiA="
        },
        "supports-color": {
          "version": "0.2.0",
          "resolved": "https://registry.npmjs.org/supports-color/-/supports-color-0.2.0.tgz",
          "integrity": "sha1-2S3iaU6z9nMjlz1649i1W0wiGQo="
        }
      }
    },
    "gulp-shell": {
      "version": "0.6.3",
      "resolved": "https://registry.npmjs.org/gulp-shell/-/gulp-shell-0.6.3.tgz",
      "integrity": "sha1-Lqpu3/+ovf96jwufmFKHbzMzHGs=",
      "dev": true
    },
    "handlebars": {
      "version": "4.0.10",
      "resolved": "https://registry.npmjs.org/handlebars/-/handlebars-4.0.10.tgz",
      "integrity": "sha1-PTDHGLCaPZbyPqTMH0A8TTup/08=",
      "dev": true,
      "dependencies": {
        "async": {
          "version": "1.5.2",
          "resolved": "https://registry.npmjs.org/async/-/async-1.5.2.tgz",
          "integrity": "sha1-7GphrlZIDAw8skHJVhjiCJL5Zyo="
        },
        "source-map": {
          "version": "0.4.4",
          "resolved": "https://registry.npmjs.org/source-map/-/source-map-0.4.4.tgz",
          "integrity": "sha1-66T12pwNyZneaAMti092FzZSA2s="
        }
      }
    },
    "htmlbilder": {
      "version": "0.1.6",
      "resolved": "https://registry.npmjs.org/htmlbilder/-/htmlbilder-0.1.6.tgz",
      "integrity": "sha1-d4nwt7biyay4bhfb1LjJ7XrqNKU=",
      "dev": true,
      "dependencies": {
        "camelcase": {
          "version": "3.0.0",
          "resolved": "https://registry.npmjs.org/camelcase/-/camelcase-3.0.0.tgz",
          "integrity": "sha1-MvxLn82vhF/N9+c7uXysImHwqwo="
        },
        "yargs": {
          "version": "7.1.0",
          "resolved": "https://registry.npmjs.org/yargs/-/yargs-7.1.0.tgz",
          "integrity": "sha1-a6MY6xaWFyf10oT46gA+jWFU0Mg="
        }
      }
    },
    "requirejs": {
      "version": "2.3.4",
      "resolved": "https://registry.npmjs.org/requirejs/-/requirejs-2.3.4.tgz",
      "integrity": "sha512-qPD5gRrj6kGQ0ZySAJgqbArkaDqPMbQIT0zSZDkIv1mfA17w/tR2Faq5l2qqRf2CdQx6FWln9nUrgd2UDzb19A==",
      "dev": true
    },
    "safe-buffer": {
      "version": "5.1.1",
      "resolved": "https://registry.npmjs.org/safe-buffer/-/safe-buffer-5.1.1.tgz",
      "integrity": "sha512-kKvNJn6Mm93gAczWVJg7wH+wGYWNrDHdWvpUmHyEsgCtIwwo3bqPtV4tR5tuPaUhTOo/kvhVwd8XwwOllGYkbg==",
      "dev": true
    },
    "ultron": {
      "version": "1.1.0",
      "resolved": "https://registry.npmjs.org/ultron/-/ultron-1.1.0.tgz",
      "integrity": "sha1-sHoualQagV/Go0zNRTO67DB8qGQ=",
      "dev": true
    },
    "util-ma": {
      "version": "1.1.12",
      "resolved": "https://registry.npmjs.org/util-ma/-/util-ma-1.1.12.tgz",
      "integrity": "sha512-1U3NOfz7C+rnLlNXsJIczKV23/6hgKA7ztb48lM7LhK7P7gMCzPXVoBLokf0RC1hSRY3L5S6KVnb/uWvNSudFA==",
      "dev": true
    },
    "ws": {
      "version": "3.3.1",
      "resolved": "https://registry.npmjs.org/ws/-/ws-3.3.1.tgz",
      "integrity": "sha512-8A/uRMnQy8KCQsmep1m7Bk+z/+LIkeF7w+TDMLtX1iZm5Hq9HsUDmgFGaW1ACW5Cj0b2Qo7wCvRhYN2ErUVp/A==",
      "dev": true,
      "requires": {
        "async-limiter": "~1.0.0",
        "safe-buffer": "~5.1.0",
        "ultron": "~1.1.0"
      }
    }
  }
}
